// !$*UTF8*$!
{
	archiveVersion = 1;
	classes = {
	};
	objectVersion = 50;
	objects = {

/* Begin PBXBuildFile section */
		9EEA77BFE9CD7DFE61D7D1FA /* User.swift in Sources */ = {isa = PBXBuildFile; fileRef = 9EEA730F49F0F4A99B008D7E /* User.swift */; };
		9EEA79353DC301F82006383E /* MyTools.swift in Sources */ = {isa = PBXBuildFile; fileRef = 9EEA72306F8E9CB30C61DB94 /* MyTools.swift */; };
		9EEA7A274609070DBAA376B1 /* UserModelController.swift in Sources */ = {isa = PBXBuildFile; fileRef = 9EEA7E01304BAAA00CCAA1DF /* UserModelController.swift */; };
		9EEA7DECF1511EF6B6D00016 /* HypeModelController.swift in Sources */ = {isa = PBXBuildFile; fileRef = 9EEA7339FA35713C243EA1DA /* HypeModelController.swift */; };
		AB58FCB9246C6C2700F9F15E /* SignUpViewController.swift in Sources */ = {isa = PBXBuildFile; fileRef = AB58FCB8246C6C2700F9F15E /* SignUpViewController.swift */; };
		AB58FCBC246C6E9C00F9F15E /* HypeStoryboard.storyboard in Resources */ = {isa = PBXBuildFile; fileRef = AB58FCBA246C6E9C00F9F15E /* HypeStoryboard.storyboard */; };
		AB957FC12469B74800600102 /* AppDelegate.swift in Sources */ = {isa = PBXBuildFile; fileRef = AB957FC02469B74800600102 /* AppDelegate.swift */; };
		AB957FC32469B74800600102 /* SceneDelegate.swift in Sources */ = {isa = PBXBuildFile; fileRef = AB957FC22469B74800600102 /* SceneDelegate.swift */; };
		AB957FC82469B74800600102 /* Main.storyboard in Resources */ = {isa = PBXBuildFile; fileRef = AB957FC62469B74800600102 /* Main.storyboard */; };
		AB957FCA2469B74A00600102 /* Assets.xcassets in Resources */ = {isa = PBXBuildFile; fileRef = AB957FC92469B74A00600102 /* Assets.xcassets */; };
		AB957FCD2469B74A00600102 /* LaunchScreen.storyboard in Resources */ = {isa = PBXBuildFile; fileRef = AB957FCB2469B74A00600102 /* LaunchScreen.storyboard */; };
		AB957FDE2469B85800600102 /* CloudKit.framework in Frameworks */ = {isa = PBXBuildFile; fileRef = AB957FDD2469B85800600102 /* CloudKit.framework */; };
		AB957FE02469BCD800600102 /* Hype.swift in Sources */ = {isa = PBXBuildFile; fileRef = AB957FDF2469BCD800600102 /* Hype.swift */; };
		AB957FE22469C52700600102 /* HypeError.swift in Sources */ = {isa = PBXBuildFile; fileRef = AB957FE12469C52700600102 /* HypeError.swift */; };
		AB957FE42469CED100600102 /* HypeListTableViewController.swift in Sources */ = {isa = PBXBuildFile; fileRef = AB957FE32469CED100600102 /* HypeListTableViewController.swift */; };
/* End PBXBuildFile section */

/* Begin PBXFileReference section */
		9EEA72306F8E9CB30C61DB94 /* MyTools.swift */ = {isa = PBXFileReference; fileEncoding = 4; lastKnownFileType = sourcecode.swift; path = MyTools.swift; sourceTree = "<group>"; };
		9EEA730F49F0F4A99B008D7E /* User.swift */ = {isa = PBXFileReference; fileEncoding = 4; lastKnownFileType = sourcecode.swift; path = User.swift; sourceTree = "<group>"; };
		9EEA7339FA35713C243EA1DA /* HypeModelController.swift */ = {isa = PBXFileReference; fileEncoding = 4; lastKnownFileType = sourcecode.swift; path = HypeModelController.swift; sourceTree = "<group>"; };
		9EEA7E01304BAAA00CCAA1DF /* UserModelController.swift */ = {isa = PBXFileReference; fileEncoding = 4; lastKnownFileType = sourcecode.swift; path = UserModelController.swift; sourceTree = "<group>"; };
		AB58FCB8246C6C2700F9F15E /* SignUpViewController.swift */ = {isa = PBXFileReference; lastKnownFileType = sourcecode.swift; path = SignUpViewController.swift; sourceTree = "<group>"; };
		AB58FCBB246C6E9C00F9F15E /* Base */ = {isa = PBXFileReference; lastKnownFileType = file.storyboard; name = Base; path = HypeIC/View/StoryBoard/Base.lproj/HypeStoryboard.storyboard; sourceTree = "<group>"; };
		AB957FBD2469B74800600102 /* HypeIC.app */ = {isa = PBXFileReference; explicitFileType = wrapper.application; includeInIndex = 0; path = HypeIC.app; sourceTree = BUILT_PRODUCTS_DIR; };
		AB957FC02469B74800600102 /* AppDelegate.swift */ = {isa = PBXFileReference; lastKnownFileType = sourcecode.swift; path = AppDelegate.swift; sourceTree = "<group>"; };
		AB957FC22469B74800600102 /* SceneDelegate.swift */ = {isa = PBXFileReference; lastKnownFileType = sourcecode.swift; path = SceneDelegate.swift; sourceTree = "<group>"; };
		AB957FC72469B74800600102 /* Base */ = {isa = PBXFileReference; lastKnownFileType = file.storyboard; name = Base; path = Base.lproj/Main.storyboard; sourceTree = "<group>"; };
		AB957FC92469B74A00600102 /* Assets.xcassets */ = {isa = PBXFileReference; lastKnownFileType = folder.assetcatalog; path = Assets.xcassets; sourceTree = "<group>"; };
		AB957FCC2469B74A00600102 /* Base */ = {isa = PBXFileReference; lastKnownFileType = file.storyboard; name = Base; path = Base.lproj/LaunchScreen.storyboard; sourceTree = "<group>"; };
		AB957FCE2469B74A00600102 /* Info.plist */ = {isa = PBXFileReference; lastKnownFileType = text.plist.xml; path = Info.plist; sourceTree = "<group>"; };
		AB957FDB2469B82000600102 /* HypeIC.entitlements */ = {isa = PBXFileReference; lastKnownFileType = text.plist.entitlements; path = HypeIC.entitlements; sourceTree = "<group>"; };
		AB957FDD2469B85800600102 /* CloudKit.framework */ = {isa = PBXFileReference; lastKnownFileType = wrapper.framework; name = CloudKit.framework; path = System/Library/Frameworks/CloudKit.framework; sourceTree = SDKROOT; };
		AB957FDF2469BCD800600102 /* Hype.swift */ = {isa = PBXFileReference; lastKnownFileType = sourcecode.swift; path = Hype.swift; sourceTree = "<group>"; };
		AB957FE12469C52700600102 /* HypeError.swift */ = {isa = PBXFileReference; lastKnownFileType = sourcecode.swift; path = HypeError.swift; sourceTree = "<group>"; };
		AB957FE32469CED100600102 /* HypeListTableViewController.swift */ = {isa = PBXFileReference; lastKnownFileType = sourcecode.swift; path = HypeListTableViewController.swift; sourceTree = "<group>"; };
/* End PBXFileReference section */

/* Begin PBXFrameworksBuildPhase section */
		AB957FBA2469B74800600102 /* Frameworks */ = {
			isa = PBXFrameworksBuildPhase;
			buildActionMask = 2147483647;
			files = (
				AB957FDE2469B85800600102 /* CloudKit.framework in Frameworks */,
			);
			runOnlyForDeploymentPostprocessing = 0;
		};
/* End PBXFrameworksBuildPhase section */

/* Begin PBXGroup section */
		9EEA7B2439E7C34A0398AC93 /* MyTools */ = {
			isa = PBXGroup;
			children = (
				9EEA72306F8E9CB30C61DB94 /* MyTools.swift */,
				AB957FE12469C52700600102 /* HypeError.swift */,
			);
			path = MyTools;
			sourceTree = "<group>";
		};
		AB957FB42469B74800600102 = {
			isa = PBXGroup;
			children = (
				AB957FBF2469B74800600102 /* HypeIC */,
				AB957FBE2469B74800600102 /* Products */,
				AB957FDC2469B85800600102 /* Frameworks */,
			);
			sourceTree = "<group>";
		};
		AB957FBE2469B74800600102 /* Products */ = {
			isa = PBXGroup;
			children = (
				AB957FBD2469B74800600102 /* HypeIC.app */,
			);
			name = Products;
			sourceTree = "<group>";
		};
		AB957FBF2469B74800600102 /* HypeIC */ = {
			isa = PBXGroup;
			children = (
				AB957FDB2469B82000600102 /* HypeIC.entitlements */,
				AB957FD92469B78A00600102 /* Model */,
				AB957FD72469B77C00600102 /* View */,
				AB957FD42469B74F00600102 /* Controllers */,
				AB957FDA2469B7AC00600102 /* Res */,
				9EEA7B2439E7C34A0398AC93 /* MyTools */,
			);
			path = HypeIC;
			sourceTree = "<group>";
		};
		AB957FD42469B74F00600102 /* Controllers */ = {
			isa = PBXGroup;
			children = (
				AB957FD62469B76700600102 /* ViewControllers */,
				AB957FD52469B75900600102 /* ModelControllers */,
			);
			path = Controllers;
			sourceTree = "<group>";
		};
		AB957FD52469B75900600102 /* ModelControllers */ = {
			isa = PBXGroup;
			children = (
				9EEA7339FA35713C243EA1DA /* HypeModelController.swift */,
				9EEA7E01304BAAA00CCAA1DF /* UserModelController.swift */,
			);
			path = ModelControllers;
			sourceTree = "<group>";
		};
		AB957FD62469B76700600102 /* ViewControllers */ = {
			isa = PBXGroup;
			children = (
				AB957FE32469CED100600102 /* HypeListTableViewController.swift */,
				AB58FCB8246C6C2700F9F15E /* SignUpViewController.swift */,
			);
			path = ViewControllers;
			sourceTree = "<group>";
		};
		AB957FD72469B77C00600102 /* View */ = {
			isa = PBXGroup;
			children = (
				AB957FD82469B78000600102 /* StoryBoard */,
			);
			path = View;
			sourceTree = "<group>";
		};
		AB957FD82469B78000600102 /* StoryBoard */ = {
			isa = PBXGroup;
			children = (
				AB58FCBA246C6E9C00F9F15E /* HypeStoryboard.storyboard */,
				AB957FC62469B74800600102 /* Main.storyboard */,
			);
			path = StoryBoard;
			sourceTree = "<group>";
		};
		AB957FD92469B78A00600102 /* Model */ = {
			isa = PBXGroup;
			children = (
				AB957FDF2469BCD800600102 /* Hype.swift */,
				9EEA730F49F0F4A99B008D7E /* User.swift */,
			);
			path = Model;
			sourceTree = "<group>";
		};
		AB957FDA2469B7AC00600102 /* Res */ = {
			isa = PBXGroup;
			children = (
				AB957FC02469B74800600102 /* AppDelegate.swift */,
				AB957FC22469B74800600102 /* SceneDelegate.swift */,
				AB957FC92469B74A00600102 /* Assets.xcassets */,
				AB957FCB2469B74A00600102 /* LaunchScreen.storyboard */,
				AB957FCE2469B74A00600102 /* Info.plist */,
			);
			path = Res;
			sourceTree = "<group>";
		};
		AB957FDC2469B85800600102 /* Frameworks */ = {
			isa = PBXGroup;
			children = (
				AB957FDD2469B85800600102 /* CloudKit.framework */,
			);
			name = Frameworks;
			sourceTree = "<group>";
		};
/* End PBXGroup section */

/* Begin PBXNativeTarget section */
		AB957FBC2469B74800600102 /* HypeIC */ = {
			isa = PBXNativeTarget;
			buildConfigurationList = AB957FD12469B74A00600102 /* Build configuration list for PBXNativeTarget "HypeIC" */;
			buildPhases = (
				AB957FB92469B74800600102 /* Sources */,
				AB957FBA2469B74800600102 /* Frameworks */,
				AB957FBB2469B74800600102 /* Resources */,
			);
			buildRules = (
			);
			dependencies = (
			);
			name = HypeIC;
			productName = HypeIC;
			productReference = AB957FBD2469B74800600102 /* HypeIC.app */;
			productType = "com.apple.product-type.application";
		};
/* End PBXNativeTarget section */

/* Begin PBXProject section */
		AB957FB52469B74800600102 /* Project object */ = {
			isa = PBXProject;
			attributes = {
				LastSwiftUpdateCheck = 1140;
				LastUpgradeCheck = 1140;
				ORGANIZATIONNAME = "Jose Martinez";
				TargetAttributes = {
					AB957FBC2469B74800600102 = {
						CreatedOnToolsVersion = 11.4.1;
					};
				};
			};
			buildConfigurationList = AB957FB82469B74800600102 /* Build configuration list for PBXProject "HypeIC" */;
			compatibilityVersion = "Xcode 9.3";
			developmentRegion = en;
			hasScannedForEncodings = 0;
			knownRegions = (
				en,
				Base,
			);
			mainGroup = AB957FB42469B74800600102;
			productRefGroup = AB957FBE2469B74800600102 /* Products */;
			projectDirPath = "";
			projectRoot = "";
			targets = (
				AB957FBC2469B74800600102 /* HypeIC */,
			);
		};
/* End PBXProject section */

/* Begin PBXResourcesBuildPhase section */
		AB957FBB2469B74800600102 /* Resources */ = {
			isa = PBXResourcesBuildPhase;
			buildActionMask = 2147483647;
			files = (
				AB957FCD2469B74A00600102 /* LaunchScreen.storyboard in Resources */,
				AB957FCA2469B74A00600102 /* Assets.xcassets in Resources */,
				AB957FC82469B74800600102 /* Main.storyboard in Resources */,
				AB58FCBC246C6E9C00F9F15E /* HypeStoryboard.storyboard in Resources */,
			);
			runOnlyForDeploymentPostprocessing = 0;
		};
/* End PBXResourcesBuildPhase section */

/* Begin PBXSourcesBuildPhase section */
		AB957FB92469B74800600102 /* Sources */ = {
			isa = PBXSourcesBuildPhase;
			buildActionMask = 2147483647;
			files = (
				AB957FC12469B74800600102 /* AppDelegate.swift in Sources */,
				AB957FE42469CED100600102 /* HypeListTableViewController.swift in Sources */,
				AB957FC32469B74800600102 /* SceneDelegate.swift in Sources */,
				AB957FE02469BCD800600102 /* Hype.swift in Sources */,
				AB58FCB9246C6C2700F9F15E /* SignUpViewController.swift in Sources */,
				9EEA79353DC301F82006383E /* MyTools.swift in Sources */,
				AB957FE22469C52700600102 /* HypeError.swift in Sources */,
				9EEA7DECF1511EF6B6D00016 /* HypeModelController.swift in Sources */,
				9EEA77BFE9CD7DFE61D7D1FA /* User.swift in Sources */,
				9EEA7A274609070DBAA376B1 /* UserModelController.swift in Sources */,
			);
			runOnlyForDeploymentPostprocessing = 0;
		};
/* End PBXSourcesBuildPhase section */

/* Begin PBXVariantGroup section */
		AB58FCBA246C6E9C00F9F15E /* HypeStoryboard.storyboard */ = {
			isa = PBXVariantGroup;
			children = (
				AB58FCBB246C6E9C00F9F15E /* Base */,
			);
			name = HypeStoryboard.storyboard;
			sourceTree = "<group>";
		};
		AB957FC62469B74800600102 /* Main.storyboard */ = {
			isa = PBXVariantGroup;
			children = (
				AB957FC72469B74800600102 /* Base */,
			);
			name = Main.storyboard;
			sourceTree = "<group>";
		};
		AB957FCB2469B74A00600102 /* LaunchScreen.storyboard */ = {
			isa = PBXVariantGroup;
			children = (
				AB957FCC2469B74A00600102 /* Base */,
			);
			name = LaunchScreen.storyboard;
			sourceTree = "<group>";
		};
/* End PBXVariantGroup section */

/* Begin XCBuildConfiguration section */
		AB957FCF2469B74A00600102 /* Debug */ = {
			isa = XCBuildConfiguration;
			buildSettings = {
				ALWAYS_SEARCH_USER_PATHS = NO;
				CLANG_ANALYZER_NONNULL = YES;
				CLANG_ANALYZER_NUMBER_OBJECT_CONVERSION = YES_AGGRESSIVE;
				CLANG_CXX_LANGUAGE_STANDARD = "gnu++14";
				CLANG_CXX_LIBRARY = "libc++";
				CLANG_ENABLE_MODULES = YES;
				CLANG_ENABLE_OBJC_ARC = YES;
				CLANG_ENABLE_OBJC_WEAK = YES;
				CLANG_WARN_BLOCK_CAPTURE_AUTORELEASING = YES;
				CLANG_WARN_BOOL_CONVERSION = YES;
				CLANG_WARN_COMMA = YES;
				CLANG_WARN_CONSTANT_CONVERSION = YES;
				CLANG_WARN_DEPRECATED_OBJC_IMPLEMENTATIONS = YES;
				CLANG_WARN_DIRECT_OBJC_ISA_USAGE = YES_ERROR;
				CLANG_WARN_DOCUMENTATION_COMMENTS = YES;
				CLANG_WARN_EMPTY_BODY = YES;
				CLANG_WARN_ENUM_CONVERSION = YES;
				CLANG_WARN_INFINITE_RECURSION = YES;
				CLANG_WARN_INT_CONVERSION = YES;
				CLANG_WARN_NON_LITERAL_NULL_CONVERSION = YES;
				CLANG_WARN_OBJC_IMPLICIT_RETAIN_SELF = YES;
				CLANG_WARN_OBJC_LITERAL_CONVERSION = YES;
				CLANG_WARN_OBJC_ROOT_CLASS = YES_ERROR;
				CLANG_WARN_RANGE_LOOP_ANALYSIS = YES;
				CLANG_WARN_STRICT_PROTOTYPES = YES;
				CLANG_WARN_SUSPICIOUS_MOVE = YES;
				CLANG_WARN_UNGUARDED_AVAILABILITY = YES_AGGRESSIVE;
				CLANG_WARN_UNREACHABLE_CODE = YES;
				CLANG_WARN__DUPLICATE_METHOD_MATCH = YES;
				COPY_PHASE_STRIP = NO;
				DEBUG_INFORMATION_FORMAT = dwarf;
				ENABLE_STRICT_OBJC_MSGSEND = YES;
				ENABLE_TESTABILITY = YES;
				GCC_C_LANGUAGE_STANDARD = gnu11;
				GCC_DYNAMIC_NO_PIC = NO;
				GCC_NO_COMMON_BLOCKS = YES;
				GCC_OPTIMIZATION_LEVEL = 0;
				GCC_PREPROCESSOR_DEFINITIONS = (
					"DEBUG=1",
					"$(inherited)",
				);
				GCC_WARN_64_TO_32_BIT_CONVERSION = YES;
				GCC_WARN_ABOUT_RETURN_TYPE = YES_ERROR;
				GCC_WARN_UNDECLARED_SELECTOR = YES;
				GCC_WARN_UNINITIALIZED_AUTOS = YES_AGGRESSIVE;
				GCC_WARN_UNUSED_FUNCTION = YES;
				GCC_WARN_UNUSED_VARIABLE = YES;
				IPHONEOS_DEPLOYMENT_TARGET = 13.4;
				MTL_ENABLE_DEBUG_INFO = INCLUDE_SOURCE;
				MTL_FAST_MATH = YES;
				ONLY_ACTIVE_ARCH = YES;
				SDKROOT = iphoneos;
				SWIFT_ACTIVE_COMPILATION_CONDITIONS = DEBUG;
				SWIFT_OPTIMIZATION_LEVEL = "-Onone";
			};
			name = Debug;
		};
		AB957FD02469B74A00600102 /* Release */ = {
			isa = XCBuildConfiguration;
			buildSettings = {
				ALWAYS_SEARCH_USER_PATHS = NO;
				CLANG_ANALYZER_NONNULL = YES;
				CLANG_ANALYZER_NUMBER_OBJECT_CONVERSION = YES_AGGRESSIVE;
				CLANG_CXX_LANGUAGE_STANDARD = "gnu++14";
				CLANG_CXX_LIBRARY = "libc++";
				CLANG_ENABLE_MODULES = YES;
				CLANG_ENABLE_OBJC_ARC = YES;
				CLANG_ENABLE_OBJC_WEAK = YES;
				CLANG_WARN_BLOCK_CAPTURE_AUTORELEASING = YES;
				CLANG_WARN_BOOL_CONVERSION = YES;
				CLANG_WARN_COMMA = YES;
				CLANG_WARN_CONSTANT_CONVERSION = YES;
				CLANG_WARN_DEPRECATED_OBJC_IMPLEMENTATIONS = YES;
				CLANG_WARN_DIRECT_OBJC_ISA_USAGE = YES_ERROR;
				CLANG_WARN_DOCUMENTATION_COMMENTS = YES;
				CLANG_WARN_EMPTY_BODY = YES;
				CLANG_WARN_ENUM_CONVERSION = YES;
				CLANG_WARN_INFINITE_RECURSION = YES;
				CLANG_WARN_INT_CONVERSION = YES;
				CLANG_WARN_NON_LITERAL_NULL_CONVERSION = YES;
				CLANG_WARN_OBJC_IMPLICIT_RETAIN_SELF = YES;
				CLANG_WARN_OBJC_LITERAL_CONVERSION = YES;
				CLANG_WARN_OBJC_ROOT_CLASS = YES_ERROR;
				CLANG_WARN_RANGE_LOOP_ANALYSIS = YES;
				CLANG_WARN_STRICT_PROTOTYPES = YES;
				CLANG_WARN_SUSPICIOUS_MOVE = YES;
				CLANG_WARN_UNGUARDED_AVAILABILITY = YES_AGGRESSIVE;
				CLANG_WARN_UNREACHABLE_CODE = YES;
				CLANG_WARN__DUPLICATE_METHOD_MATCH = YES;
				COPY_PHASE_STRIP = NO;
				DEBUG_INFORMATION_FORMAT = "dwarf-with-dsym";
				ENABLE_NS_ASSERTIONS = NO;
				ENABLE_STRICT_OBJC_MSGSEND = YES;
				GCC_C_LANGUAGE_STANDARD = gnu11;
				GCC_NO_COMMON_BLOCKS = YES;
				GCC_WARN_64_TO_32_BIT_CONVERSION = YES;
				GCC_WARN_ABOUT_RETURN_TYPE = YES_ERROR;
				GCC_WARN_UNDECLARED_SELECTOR = YES;
				GCC_WARN_UNINITIALIZED_AUTOS = YES_AGGRESSIVE;
				GCC_WARN_UNUSED_FUNCTION = YES;
				GCC_WARN_UNUSED_VARIABLE = YES;
				IPHONEOS_DEPLOYMENT_TARGET = 13.4;
				MTL_ENABLE_DEBUG_INFO = NO;
				MTL_FAST_MATH = YES;
				SDKROOT = iphoneos;
				SWIFT_COMPILATION_MODE = wholemodule;
				SWIFT_OPTIMIZATION_LEVEL = "-O";
				VALIDATE_PRODUCT = YES;
			};
			name = Release;
		};
		AB957FD22469B74A00600102 /* Debug */ = {
			isa = XCBuildConfiguration;
			buildSettings = {
				ASSETCATALOG_COMPILER_APPICON_NAME = AppIcon;
				CODE_SIGN_ENTITLEMENTS = HypeIC/HypeIC.entitlements;
				CODE_SIGN_STYLE = Automatic;
				DEVELOPMENT_TEAM = 8R94WS9HFC;
				INFOPLIST_FILE = HypeIC/Res/Info.plist;
				LD_RUNPATH_SEARCH_PATHS = (
					"$(inherited)",
					"@executable_path/Frameworks",
				);
				PRODUCT_BUNDLE_IDENTIFIER = dePapel.HypeIC;
				PRODUCT_NAME = "$(TARGET_NAME)";
				SWIFT_VERSION = 5.0;
				TARGETED_DEVICE_FAMILY = "1,2";
			};
			name = Debug;
		};
		AB957FD32469B74A00600102 /* Release */ = {
			isa = XCBuildConfiguration;
			buildSettings = {
				ASSETCATALOG_COMPILER_APPICON_NAME = AppIcon;
				CODE_SIGN_ENTITLEMENTS = HypeIC/HypeIC.entitlements;
				CODE_SIGN_STYLE = Automatic;
				DEVELOPMENT_TEAM = 8R94WS9HFC;
				INFOPLIST_FILE = HypeIC/Res/Info.plist;
				LD_RUNPATH_SEARCH_PATHS = (
					"$(inherited)",
					"@executable_path/Frameworks",
				);
				PRODUCT_BUNDLE_IDENTIFIER = dePapel.HypeIC;
				PRODUCT_NAME = "$(TARGET_NAME)";
				SWIFT_VERSION = 5.0;
				TARGETED_DEVICE_FAMILY = "1,2";
			};
			name = Release;
		};
/* End XCBuildConfiguration section */

/* Begin XCConfigurationList section */
		AB957FB82469B74800600102 /* Build configuration list for PBXProject "HypeIC" */ = {
			isa = XCConfigurationList;
			buildConfigurations = (
				AB957FCF2469B74A00600102 /* Debug */,
				AB957FD02469B74A00600102 /* Release */,
			);
			defaultConfigurationIsVisible = 0;
			defaultConfigurationName = Release;
		};
		AB957FD12469B74A00600102 /* Build configuration list for PBXNativeTarget "HypeIC" */ = {
			isa = XCConfigurationList;
			buildConfigurations = (
				AB957FD22469B74A00600102 /* Debug */,
				AB957FD32469B74A00600102 /* Release */,
			);
			defaultConfigurationIsVisible = 0;
			defaultConfigurationName = Release;
		};
/* End XCConfigurationList section */
	};
	rootObject = AB957FB52469B74800600102 /* Project object */;
}
